
Microsoft Visual Studio Solution File, Format Version 12.00
# Visual Studio 15
VisualStudioVersion = 15.0.27130.2026
MinimumVisualStudioVersion = 10.0.40219.1
Project("{FAE04EC0-301F-11D3-BF4B-00C04F79EFBC}") = "Films_Form", "Films_Form\Films_Form.csproj", "{32CF1CD7-C459-4140-8F0F-B01E36B60D78}"
EndProject
Global
	GlobalSection(SolutionConfigurationPlatforms) = preSolution
		Debug|Any CPU = Debug|Any CPU
		Release|Any CPU = Release|Any CPU
	EndGlobalSection
	GlobalSection(ProjectConfigurationPlatforms) = postSolution
		{32CF1CD7-C459-4140-8F0F-B01E36B60D78}.Debug|Any CPU.ActiveCfg = Debug|Any CPU
		{32CF1CD7-C459-4140-8F0F-B01E36B60D78}.Debug|Any CPU.Build.0 = Debug|Any CPU
		{32CF1CD7-C459-4140-8F0F-B01E36B60D78}.Release|Any CPU.ActiveCfg = Release|Any CPU
		{32CF1CD7-C459-4140-8F0F-B01E36B60D78}.Release|Any CPU.Build.0 = Release|Any CPU
	EndGlobalSection
	GlobalSection(SolutionProperties) = preSolution
		HideSolutionNode = FALSE
	EndGlobalSection
	GlobalSection(ExtensibilityGlobals) = postSolution
		SolutionGuid = {682DA0B2-F7F6-4096-8198-25F2524F45DC}
	EndGlobalSection
EndGlobal
